
Microsoft Visual Studio Solution File, Format Version 12.00
# Visual Studio Version 17
VisualStudioVersion = 17.0.32126.317
MinimumVisualStudioVersion = 10.0.40219.1
Project("{FAE04EC0-301F-11D3-BF4B-00C04F79EFBC}") = "Yachtapp.UWP", "Yachtapp\Yachtapp.UWP\Yachtapp.UWP.csproj", "{3B46D7FE-A69C-4755-B518-88834E001358}"
EndProject
Project("{FAE04EC0-301F-11D3-BF4B-00C04F79EFBC}") = "Yachtapp.Android", "Yachtapp\Yachtapp.Android\Yachtapp.Android.csproj", "{0C88A78D-2735-41BC-90A0-728D3F6AAE6E}"
EndProject
Project("{FAE04EC0-301F-11D3-BF4B-00C04F79EFBC}") = "Yachtapp.iOS", "Yachtapp\Yachtapp.iOS\Yachtapp.iOS.csproj", "{32C57BE8-3172-48E0-BA2C-91349DC2353F}"
EndProject
Project("{FAE04EC0-301F-11D3-BF4B-00C04F79EFBC}") = "Yachtapp", "Yachtapp\Yachtapp\Yachtapp.csproj", "{489096E9-E1BC-4E2C-AC40-349EF453484B}"
EndProject
Global
	GlobalSection(SolutionConfigurationPlatforms) = preSolution
		Debug|Any CPU = Debug|Any CPU
		Debug|ARM = Debug|ARM
		Debug|iPhone = Debug|iPhone
		Debug|iPhoneSimulator = Debug|iPhoneSimulator
		Debug|x64 = Debug|x64
		Debug|x86 = Debug|x86
		Release|Any CPU = Release|Any CPU
		Release|ARM = Release|ARM
		Release|iPhone = Release|iPhone
		Release|iPhoneSimulator = Release|iPhoneSimulator
		Release|x64 = Release|x64
		Release|x86 = Release|x86
	EndGlobalSection
	GlobalSection(ProjectConfigurationPlatforms) = postSolution
		{3B46D7FE-A69C-4755-B518-88834E001358}.Debug|Any CPU.ActiveCfg = Debug|x64
		{3B46D7FE-A69C-4755-B518-88834E001358}.Debug|Any CPU.Build.0 = Debug|x64
		{3B46D7FE-A69C-4755-B518-88834E001358}.Debug|Any CPU.Deploy.0 = Debug|x64
		{3B46D7FE-A69C-4755-B518-88834E001358}.Debug|ARM.ActiveCfg = Debug|ARM
		{3B46D7FE-A69C-4755-B518-88834E001358}.Debug|ARM.Build.0 = Debug|ARM
		{3B46D7FE-A69C-4755-B518-88834E001358}.Debug|ARM.Deploy.0 = Debug|ARM
		{3B46D7FE-A69C-4755-B518-88834E001358}.Debug|iPhone.ActiveCfg = Debug|x64
		{3B46D7FE-A69C-4755-B518-88834E001358}.Debug|iPhone.Build.0 = Debug|x64
		{3B46D7FE-A69C-4755-B518-88834E001358}.Debug|iPhone.Deploy.0 = Debug|x64
		{3B46D7FE-A69C-4755-B518-88834E001358}.Debug|iPhoneSimulator.ActiveCfg = Debug|x64
		{3B46D7FE-A69C-4755-B518-88834E001358}.Debug|iPhoneSimulator.Build.0 = Debug|x64
		{3B46D7FE-A69C-4755-B518-88834E001358}.Debug|iPhoneSimulator.Deploy.0 = Debug|x64
		{3B46D7FE-A69C-4755-B518-88834E001358}.Debug|x64.ActiveCfg = Debug|x64
		{3B46D7FE-A69C-4755-B518-88834E001358}.Debug|x64.Build.0 = Debug|x64
		{3B46D7FE-A69C-4755-B518-88834E001358}.Debug|x64.Deploy.0 = Debug|x64
		{3B46D7FE-A69C-4755-B518-88834E001358}.Debug|x86.ActiveCfg = Debug|x86
		{3B46D7FE-A69C-4755-B518-88834E001358}.Debug|x86.Build.0 = Debug|x86
		{3B46D7FE-A69C-4755-B518-88834E001358}.Debug|x86.Deploy.0 = Debug|x86
		{3B46D7FE-A69C-4755-B518-88834E001358}.Release|Any CPU.ActiveCfg = Release|x64
		{3B46D7FE-A69C-4755-B518-88834E001358}.Release|Any CPU.Build.0 = Release|x64
		{3B46D7FE-A69C-4755-B518-88834E001358}.Release|Any CPU.Deploy.0 = Release|x64
		{3B46D7FE-A69C-4755-B518-88834E001358}.Release|ARM.ActiveCfg = Release|ARM
		{3B46D7FE-A69C-4755-B518-88834E001358}.Release|ARM.Build.0 = Release|ARM
		{3B46D7FE-A69C-4755-B518-88834E001358}.Release|ARM.Deploy.0 = Release|ARM
		{3B46D7FE-A69C-4755-B518-88834E001358}.Release|iPhone.ActiveCfg = Release|x64
		{3B46D7FE-A69C-4755-B518-88834E001358}.Release|iPhone.Build.0 = Release|x64
		{3B46D7FE-A69C-4755-B518-88834E001358}.Release|iPhone.Deploy.0 = Release|x64
		{3B46D7FE-A69C-4755-B518-88834E001358}.Release|iPhoneSimulator.ActiveCfg = Release|x64
		{3B46D7FE-A69C-4755-B518-88834E001358}.Release|iPhoneSimulator.Build.0 = Release|x64
		{3B46D7FE-A69C-4755-B518-88834E001358}.Release|iPhoneSimulator.Deploy.0 = Release|x64
		{3B46D7FE-A69C-4755-B518-88834E001358}.Release|x64.ActiveCfg = Release|x64
		{3B46D7FE-A69C-4755-B518-88834E001358}.Release|x64.Build.0 = Release|x64
		{3B46D7FE-A69C-4755-B518-88834E001358}.Release|x64.Deploy.0 = Release|x64
		{3B46D7FE-A69C-4755-B518-88834E001358}.Release|x86.ActiveCfg = Release|x86
		{3B46D7FE-A69C-4755-B518-88834E001358}.Release|x86.Build.0 = Release|x86
		{3B46D7FE-A69C-4755-B518-88834E001358}.Release|x86.Deploy.0 = Release|x86
		{0C88A78D-2735-41BC-90A0-728D3F6AAE6E}.Debug|Any CPU.ActiveCfg = Debug|Any CPU
		{0C88A78D-2735-41BC-90A0-728D3F6AAE6E}.Debug|Any CPU.Build.0 = Debug|Any CPU
		{0C88A78D-2735-41BC-90A0-728D3F6AAE6E}.Debug|Any CPU.Deploy.0 = Debug|Any CPU
		{0C88A78D-2735-41BC-90A0-728D3F6AAE6E}.Debug|ARM.ActiveCfg = Debug|Any CPU
		{0C88A78D-2735-41BC-90A0-728D3F6AAE6E}.Debug|ARM.Build.0 = Debug|Any CPU
		{0C88A78D-2735-41BC-90A0-728D3F6AAE6E}.Debug|ARM.Deploy.0 = Debug|Any CPU
		{0C88A78D-2735-41BC-90A0-728D3F6AAE6E}.Debug|iPhone.ActiveCfg = Debug|Any CPU
		{0C88A78D-2735-41BC-90A0-728D3F6AAE6E}.Debug|iPhone.Build.0 = Debug|Any CPU
		{0C88A78D-2735-41BC-90A0-728D3F6AAE6E}.Debug|iPhone.Deploy.0 = Debug|Any CPU
		{0C88A78D-2735-41BC-90A0-728D3F6AAE6E}.Debug|iPhoneSimulator.ActiveCfg = Debug|Any CPU
		{0C88A78D-2735-41BC-90A0-728D3F6AAE6E}.Debug|iPhoneSimulator.Build.0 = Debug|Any CPU
		{0C88A78D-2735-41BC-90A0-728D3F6AAE6E}.Debug|iPhoneSimulator.Deploy.0 = Debug|Any CPU
		{0C88A78D-2735-41BC-90A0-728D3F6AAE6E}.Debug|x64.ActiveCfg = Debug|Any CPU
		{0C88A78D-2735-41BC-90A0-728D3F6AAE6E}.Debug|x64.Build.0 = Debug|Any CPU
		{0C88A78D-2735-41BC-90A0-728D3F6AAE6E}.Debug|x64.Deploy.0 = Debug|Any CPU
		{0C88A78D-2735-41BC-90A0-728D3F6AAE6E}.Debug|x86.ActiveCfg = Debug|Any CPU
		{0C88A78D-2735-41BC-90A0-728D3F6AAE6E}.Debug|x86.Build.0 = Debug|Any CPU
		{0C88A78D-2735-41BC-90A0-728D3F6AAE6E}.Debug|x86.Deploy.0 = Debug|Any CPU
		{0C88A78D-2735-41BC-90A0-728D3F6AAE6E}.Release|Any CPU.ActiveCfg = Release|Any CPU
		{0C88A78D-2735-41BC-90A0-728D3F6AAE6E}.Release|Any CPU.Build.0 = Release|Any CPU
		{0C88A78D-2735-41BC-90A0-728D3F6AAE6E}.Release|Any CPU.Deploy.0 = Release|Any CPU
		{0C88A78D-2735-41BC-90A0-728D3F6AAE6E}.Release|ARM.ActiveCfg = Release|Any CPU
		{0C88A78D-2735-41BC-90A0-728D3F6AAE6E}.Release|ARM.Build.0 = Release|Any CPU
		{0C88A78D-2735-41BC-90A0-728D3F6AAE6E}.Release|ARM.Deploy.0 = Release|Any CPU
		{0C88A78D-2735-41BC-90A0-728D3F6AAE6E}.Release|iPhone.ActiveCfg = Release|Any CPU
		{0C88A78D-2735-41BC-90A0-728D3F6AAE6E}.Release|iPhone.Build.0 = Release|Any CPU
		{0C88A78D-2735-41BC-90A0-728D3F6AAE6E}.Release|iPhone.Deploy.0 = Release|Any CPU
		{0C88A78D-2735-41BC-90A0-728D3F6AAE6E}.Release|iPhoneSimulator.ActiveCfg = Release|Any CPU
		{0C88A78D-2735-41BC-90A0-728D3F6AAE6E}.Release|iPhoneSimulator.Build.0 = Release|Any CPU
		{0C88A78D-2735-41BC-90A0-728D3F6AAE6E}.Release|iPhoneSimulator.Deploy.0 = Release|Any CPU
		{0C88A78D-2735-41BC-90A0-728D3F6AAE6E}.Release|x64.ActiveCfg = Release|Any CPU
		{0C88A78D-2735-41BC-90A0-728D3F6AAE6E}.Release|x64.Build.0 = Release|Any CPU
		{0C88A78D-2735-41BC-90A0-728D3F6AAE6E}.Release|x64.Deploy.0 = Release|Any CPU
		{0C88A78D-2735-41BC-90A0-728D3F6AAE6E}.Release|x86.ActiveCfg = Release|Any CPU
		{0C88A78D-2735-41BC-90A0-728D3F6AAE6E}.Release|x86.Build.0 = Release|Any CPU
		{0C88A78D-2735-41BC-90A0-728D3F6AAE6E}.Release|x86.Deploy.0 = Release|Any CPU
		{32C57BE8-3172-48E0-BA2C-91349DC2353F}.Debug|Any CPU.ActiveCfg = Debug|iPhoneSimulator
		{32C57BE8-3172-48E0-BA2C-91349DC2353F}.Debug|Any CPU.Build.0 = Debug|iPhoneSimulator
		{32C57BE8-3172-48E0-BA2C-91349DC2353F}.Debug|Any CPU.Deploy.0 = Debug|iPhoneSimulator
		{32C57BE8-3172-48E0-BA2C-91349DC2353F}.Debug|ARM.ActiveCfg = Debug|iPhoneSimulator
		{32C57BE8-3172-48E0-BA2C-91349DC2353F}.Debug|ARM.Build.0 = Debug|iPhoneSimulator
		{32C57BE8-3172-48E0-BA2C-91349DC2353F}.Debug|ARM.Deploy.0 = Debug|iPhoneSimulator
		{32C57BE8-3172-48E0-BA2C-91349DC2353F}.Debug|iPhone.ActiveCfg = Debug|iPhone
		{32C57BE8-3172-48E0-BA2C-91349DC2353F}.Debug|iPhone.Build.0 = Debug|iPhone
		{32C57BE8-3172-48E0-BA2C-91349DC2353F}.Debug|iPhone.Deploy.0 = Debug|iPhone
		{32C57BE8-3172-48E0-BA2C-91349DC2353F}.Debug|iPhoneSimulator.ActiveCfg = Debug|iPhoneSimulator
		{32C57BE8-3172-48E0-BA2C-91349DC2353F}.Debug|iPhoneSimulator.Build.0 = Debug|iPhoneSimulator
		{32C57BE8-3172-48E0-BA2C-91349DC2353F}.Debug|iPhoneSimulator.Deploy.0 = Debug|iPhoneSimulator
		{32C57BE8-3172-48E0-BA2C-91349DC2353F}.Debug|x64.ActiveCfg = Debug|iPhone
		{32C57BE8-3172-48E0-BA2C-91349DC2353F}.Debug|x64.Build.0 = Debug|iPhone
		{32C57BE8-3172-48E0-BA2C-91349DC2353F}.Debug|x64.Deploy.0 = Debug|iPhone
		{32C57BE8-3172-48E0-BA2C-91349DC2353F}.Debug|x86.ActiveCfg = Debug|iPhoneSimulator
		{32C57BE8-3172-48E0-BA2C-91349DC2353F}.Debug|x86.Build.0 = Debug|iPhoneSimulator
		{32C57BE8-3172-48E0-BA2C-91349DC2353F}.Debug|x86.Deploy.0 = Debug|iPhoneSimulator
		{32C57BE8-3172-48E0-BA2C-91349DC2353F}.Release|Any CPU.ActiveCfg = Release|iPhoneSimulator
		{32C57BE8-3172-48E0-BA2C-91349DC2353F}.Release|Any CPU.Build.0 = Release|iPhoneSimulator
		{32C57BE8-3172-48E0-BA2C-91349DC2353F}.Release|Any CPU.Deploy.0 = Release|iPhoneSimulator
		{32C57BE8-3172-48E0-BA2C-91349DC2353F}.Release|ARM.ActiveCfg = Release|iPhoneSimulator
		{32C57BE8-3172-48E0-BA2C-91349DC2353F}.Release|ARM.Build.0 = Release|iPhoneSimulator
		{32C57BE8-3172-48E0-BA2C-91349DC2353F}.Release|ARM.Deploy.0 = Release|iPhoneSimulator
		{32C57BE8-3172-48E0-BA2C-91349DC2353F}.Release|iPhone.ActiveCfg = Release|iPhone
		{32C57BE8-3172-48E0-BA2C-91349DC2353F}.Release|iPhone.Build.0 = Release|iPhone
		{32C57BE8-3172-48E0-BA2C-91349DC2353F}.Release|iPhone.Deploy.0 = Release|iPhone
		{32C57BE8-3172-48E0-BA2C-91349DC2353F}.Release|iPhoneSimulator.ActiveCfg = Release|iPhoneSimulator
		{32C57BE8-3172-48E0-BA2C-91349DC2353F}.Release|iPhoneSimulator.Build.0 = Release|iPhoneSimulator
		{32C57BE8-3172-48E0-BA2C-91349DC2353F}.Release|iPhoneSimulator.Deploy.0 = Release|iPhoneSimulator
		{32C57BE8-3172-48E0-BA2C-91349DC2353F}.Release|x64.ActiveCfg = Release|iPhoneSimulator
		{32C57BE8-3172-48E0-BA2C-91349DC2353F}.Release|x64.Build.0 = Release|iPhoneSimulator
		{32C57BE8-3172-48E0-BA2C-91349DC2353F}.Release|x64.Deploy.0 = Release|iPhoneSimulator
		{32C57BE8-3172-48E0-BA2C-91349DC2353F}.Release|x86.ActiveCfg = Release|iPhoneSimulator
		{32C57BE8-3172-48E0-BA2C-91349DC2353F}.Release|x86.Build.0 = Release|iPhoneSimulator
		{32C57BE8-3172-48E0-BA2C-91349DC2353F}.Release|x86.Deploy.0 = Release|iPhoneSimulator
		{489096E9-E1BC-4E2C-AC40-349EF453484B}.Debug|Any CPU.ActiveCfg = Debug|Any CPU
		{489096E9-E1BC-4E2C-AC40-349EF453484B}.Debug|Any CPU.Build.0 = Debug|Any CPU
		{489096E9-E1BC-4E2C-AC40-349EF453484B}.Debug|Any CPU.Deploy.0 = Debug|Any CPU
		{489096E9-E1BC-4E2C-AC40-349EF453484B}.Debug|ARM.ActiveCfg = Debug|Any CPU
		{489096E9-E1BC-4E2C-AC40-349EF453484B}.Debug|ARM.Build.0 = Debug|Any CPU
		{489096E9-E1BC-4E2C-AC40-349EF453484B}.Debug|ARM.Deploy.0 = Debug|Any CPU
		{489096E9-E1BC-4E2C-AC40-349EF453484B}.Debug|iPhone.ActiveCfg = Debug|Any CPU
		{489096E9-E1BC-4E2C-AC40-349EF453484B}.Debug|iPhone.Build.0 = Debug|Any CPU
		{489096E9-E1BC-4E2C-AC40-349EF453484B}.Debug|iPhone.Deploy.0 = Debug|Any CPU
		{489096E9-E1BC-4E2C-AC40-349EF453484B}.Debug|iPhoneSimulator.ActiveCfg = Debug|Any CPU
		{489096E9-E1BC-4E2C-AC40-349EF453484B}.Debug|iPhoneSimulator.Build.0 = Debug|Any CPU
		{489096E9-E1BC-4E2C-AC40-349EF453484B}.Debug|iPhoneSimulator.Deploy.0 = Debug|Any CPU
		{489096E9-E1BC-4E2C-AC40-349EF453484B}.Debug|x64.ActiveCfg = Debug|Any CPU
		{489096E9-E1BC-4E2C-AC40-349EF453484B}.Debug|x64.Build.0 = Debug|Any CPU
		{489096E9-E1BC-4E2C-AC40-349EF453484B}.Debug|x64.Deploy.0 = Debug|Any CPU
		{489096E9-E1BC-4E2C-AC40-349EF453484B}.Debug|x86.ActiveCfg = Debug|Any CPU
		{489096E9-E1BC-4E2C-AC40-349EF453484B}.Debug|x86.Build.0 = Debug|Any CPU
		{489096E9-E1BC-4E2C-AC40-349EF453484B}.Debug|x86.Deploy.0 = Debug|Any CPU
		{489096E9-E1BC-4E2C-AC40-349EF453484B}.Release|Any CPU.ActiveCfg = Release|Any CPU
		{489096E9-E1BC-4E2C-AC40-349EF453484B}.Release|Any CPU.Build.0 = Release|Any CPU
		{489096E9-E1BC-4E2C-AC40-349EF453484B}.Release|Any CPU.Deploy.0 = Release|Any CPU
		{489096E9-E1BC-4E2C-AC40-349EF453484B}.Release|ARM.ActiveCfg = Release|Any CPU
		{489096E9-E1BC-4E2C-AC40-349EF453484B}.Release|ARM.Build.0 = Release|Any CPU
		{489096E9-E1BC-4E2C-AC40-349EF453484B}.Release|ARM.Deploy.0 = Release|Any CPU
		{489096E9-E1BC-4E2C-AC40-349EF453484B}.Release|iPhone.ActiveCfg = Release|Any CPU
		{489096E9-E1BC-4E2C-AC40-349EF453484B}.Release|iPhone.Build.0 = Release|Any CPU
		{489096E9-E1BC-4E2C-AC40-349EF453484B}.Release|iPhone.Deploy.0 = Release|Any CPU
		{489096E9-E1BC-4E2C-AC40-349EF453484B}.Release|iPhoneSimulator.ActiveCfg = Release|Any CPU
		{489096E9-E1BC-4E2C-AC40-349EF453484B}.Release|iPhoneSimulator.Build.0 = Release|Any CPU
		{489096E9-E1BC-4E2C-AC40-349EF453484B}.Release|iPhoneSimulator.Deploy.0 = Release|Any CPU
		{489096E9-E1BC-4E2C-AC40-349EF453484B}.Release|x64.ActiveCfg = Release|Any CPU
		{489096E9-E1BC-4E2C-AC40-349EF453484B}.Release|x64.Build.0 = Release|Any CPU
		{489096E9-E1BC-4E2C-AC40-349EF453484B}.Release|x64.Deploy.0 = Release|Any CPU
		{489096E9-E1BC-4E2C-AC40-349EF453484B}.Release|x86.ActiveCfg = Release|Any CPU
		{489096E9-E1BC-4E2C-AC40-349EF453484B}.Release|x86.Build.0 = Release|Any CPU
		{489096E9-E1BC-4E2C-AC40-349EF453484B}.Release|x86.Deploy.0 = Release|Any CPU
	EndGlobalSection
	GlobalSection(SolutionProperties) = preSolution
		HideSolutionNode = FALSE
	EndGlobalSection
	GlobalSection(ExtensibilityGlobals) = postSolution
		SolutionGuid = {7927163F-9646-4708-B639-A452FE6785A3}
	EndGlobalSection
EndGlobal
